{
  "name": "terrafab",
  "version": "0.0.1",
  "dependencies": {
    "express": {
      "version": "3.3.8",
      "from": "express@~3.3.8",
      "dependencies": {
        "connect": {
          "version": "2.8.8",
          "from": "connect@2.8.8",
          "dependencies": {
            "qs": {
              "version": "0.6.5",
              "from": "qs@0.6.5"
            },
            "formidable": {
              "version": "1.0.14",
              "from": "formidable@1.0.14"
            },
            "bytes": {
              "version": "0.2.0",
              "from": "bytes@0.2.0"
            },
            "pause": {
              "version": "0.0.1",
              "from": "pause@0.0.1"
            },
            "uid2": {
              "version": "0.0.2",
              "from": "uid2@0.0.2"
            }
          }
        },
        "commander": {
          "version": "1.2.0",
          "from": "commander@1.2.0",
          "dependencies": {
            "keypress": {
              "version": "0.1.0",
              "from": "keypress@0.1.x"
            }
          }
        },
        "range-parser": {
          "version": "0.0.4",
          "from": "range-parser@0.0.4"
        },
        "mkdirp": {
          "version": "0.3.5",
          "from": "mkdirp@0.3.5"
        },
        "cookie": {
          "version": "0.1.0",
          "from": "cookie@0.1.0"
        },
        "buffer-crc32": {
          "version": "0.2.1",
          "from": "buffer-crc32@0.2.1"
        },
        "fresh": {
          "version": "0.2.0",
          "from": "fresh@0.2.0"
        },
        "methods": {
          "version": "0.0.1",
          "from": "methods@0.0.1"
        },
        "send": {
          "version": "0.1.4",
          "from": "send@0.1.4",
          "dependencies": {
            "mime": {
              "version": "1.2.11",
              "from": "mime@~1.2.9"
            }
          }
        },
        "cookie-signature": {
          "version": "1.0.1",
          "from": "cookie-signature@1.0.1"
        },
        "debug": {
          "version": "0.7.2",
          "from": "debug@*"
        }
      }
    },
    "jade": {
      "version": "0.35.0",
      "from": "jade@*",
      "dependencies": {
        "commander": {
          "version": "2.0.0",
          "from": "commander@2.0.0"
        },
        "mkdirp": {
          "version": "0.3.5",
          "from": "mkdirp@0.3.x"
        },
        "transformers": {
          "version": "2.1.0",
          "from": "transformers@2.1.0",
          "dependencies": {
            "promise": {
              "version": "2.0.0",
              "from": "promise@~2.0",
              "dependencies": {
                "is-promise": {
                  "version": "1.0.0",
                  "from": "is-promise@~1"
                }
              }
            },
            "css": {
              "version": "1.0.8",
              "from": "css@~1.0.8",
              "dependencies": {
                "css-parse": {
                  "version": "1.0.4",
                  "from": "css-parse@1.0.4"
                },
                "css-stringify": {
                  "version": "1.0.5",
                  "from": "css-stringify@1.0.5"
                }
              }
            },
            "uglify-js": {
              "version": "2.2.5",
              "from": "uglify-js@~2.2.5",
              "dependencies": {
                "source-map": {
                  "version": "0.1.29",
                  "from": "source-map@~0.1.7",
                  "dependencies": {
                    "amdefine": {
                      "version": "0.0.8",
                      "from": "amdefine@>=0.0.4"
                    }
                  }
                },
                "optimist": {
                  "version": "0.3.7",
                  "from": "optimist@~0.3.5",
                  "dependencies": {
                    "wordwrap": {
                      "version": "0.0.2",
                      "from": "wordwrap@~0.0.2"
                    }
                  }
                }
              }
            }
          }
        },
        "character-parser": {
          "version": "1.2.0",
          "from": "character-parser@1.2.0"
        },
        "monocle": {
          "version": "1.1.50",
          "from": "monocle@1.1.50",
          "dependencies": {
            "readdirp": {
              "version": "0.2.5",
              "from": "readdirp@~0.2.3",
              "dependencies": {
                "minimatch": {
                  "version": "0.2.12",
                  "from": "minimatch@>=0.2.4",
                  "dependencies": {
                    "lru-cache": {
                      "version": "2.3.1",
                      "from": "lru-cache@2"
                    },
                    "sigmund": {
                      "version": "1.0.0",
                      "from": "sigmund@~1.0.0"
                    }
                  }
                }
              }
            }
          }
        },
        "with": {
          "version": "1.1.1",
          "from": "with@~1.1.0",
          "dependencies": {
            "uglify-js": {
              "version": "2.4.0",
              "from": "uglify-js@~2.4.0",
              "dependencies": {
                "async": {
                  "version": "0.2.9",
                  "from": "async@~0.2.6"
                },
                "source-map": {
                  "version": "0.1.29",
                  "from": "source-map@~0.1.7",
                  "dependencies": {
                    "amdefine": {
                      "version": "0.0.8",
                      "from": "amdefine@>=0.0.4"
                    }
                  }
                },
                "optimist": {
                  "version": "0.3.7",
                  "from": "optimist@~0.3.5",
                  "dependencies": {
                    "wordwrap": {
                      "version": "0.0.2",
                      "from": "wordwrap@~0.0.2"
                    }
                  }
                },
                "uglify-to-browserify": {
                  "version": "1.0.1",
                  "from": "uglify-to-browserify@~1.0.0"
                }
              }
            }
          }
        },
        "constantinople": {
          "version": "1.0.2",
          "from": "constantinople@~1.0.1",
          "dependencies": {
            "uglify-js": {
              "version": "2.4.0",
              "from": "uglify-js@~2.4.0",
              "dependencies": {
                "async": {
                  "version": "0.2.9",
                  "from": "async@~0.2.6"
                },
                "source-map": {
                  "version": "0.1.29",
                  "from": "source-map@~0.1.7",
                  "dependencies": {
                    "amdefine": {
                      "version": "0.0.8",
                      "from": "amdefine@>=0.0.4"
                    }
                  }
                },
                "optimist": {
                  "version": "0.3.7",
                  "from": "optimist@~0.3.5",
                  "dependencies": {
                    "wordwrap": {
                      "version": "0.0.2",
                      "from": "wordwrap@~0.0.2"
                    }
                  }
                },
                "uglify-to-browserify": {
                  "version": "1.0.1",
                  "from": "uglify-to-browserify@~1.0.0"
                }
              }
            }
          }
        }
      }
    },
    "stylus": {
      "version": "0.37.0",
      "from": "stylus@*",
      "dependencies": {
        "cssom": {
          "version": "0.2.5",
          "from": "cssom@0.2.x"
        },
        "mkdirp": {
          "version": "0.3.5",
          "from": "mkdirp@0.3.x"
        },
        "debug": {
          "version": "0.7.2",
          "from": "debug@*"
        },
        "sax": {
          "version": "0.5.5",
          "from": "sax@0.5.x"
        }
      }
    },
    "browserify-middleware": {
      "version": "1.17.2",
      "from": "browserify-middleware@~1.17.2",
      "dependencies": {
        "callsite": {
          "version": "1.0.0",
          "from": "callsite@~1.0.0"
        },
        "browserify": {
          "version": "2.29.1",
          "from": "browserify@~2.29.0",
          "dependencies": {
            "module-deps": {
              "version": "1.0.2",
              "from": "module-deps@~1.0.2",
              "dependencies": {
                "resolve": {
                  "version": "0.4.3",
                  "from": "resolve@~0.4.0"
                },
                "detective": {
                  "version": "2.1.2",
                  "from": "detective@~2.1.2",
                  "dependencies": {
                    "esprima": {
                      "version": "1.0.2",
                      "from": "esprima@1.0.2"
                    },
                    "escodegen": {
                      "version": "0.0.15",
                      "from": "escodegen@0.0.15",
                      "dependencies": {
                        "source-map": {
                          "version": "0.1.29",
                          "from": "source-map@>= 0.1.2",
                          "dependencies": {
                            "amdefine": {
                              "version": "0.0.8",
                              "from": "amdefine@>=0.0.4"
                            }
                          }
                        }
                      }
                    }
                  }
                },
                "minimist": {
                  "version": "0.0.2",
                  "from": "minimist@~0.0.1"
                }
              }
            },
            "browser-pack": {
              "version": "0.10.1",
              "from": "browser-pack@~0.10.0",
              "dependencies": {
                "combine-source-map": {
                  "version": "0.1.3",
                  "from": "combine-source-map@~0.1.1",
                  "dependencies": {
                    "convert-source-map": {
                      "version": "0.2.6",
                      "from": "convert-source-map@~0.2.3"
                    },
                    "parse-base64vlq-mappings": {
                      "version": "0.1.4",
                      "from": "parse-base64vlq-mappings@~0.1.1"
                    },
                    "inline-source-map": {
                      "version": "0.2.5",
                      "from": "inline-source-map@~0.2.1",
                      "dependencies": {
                        "source-map": {
                          "version": "0.1.29",
                          "from": "source-map@~0.1.25",
                          "dependencies": {
                            "amdefine": {
                              "version": "0.0.8",
                              "from": "amdefine@>=0.0.4"
                            }
                          }
                        }
                      }
                    }
                  }
                }
              }
            },
            "deps-sort": {
              "version": "0.1.1",
              "from": "deps-sort@~0.1.1",
              "dependencies": {
                "minimist": {
                  "version": "0.0.2",
                  "from": "minimist@~0.0.1"
                }
              }
            },
            "shell-quote": {
              "version": "0.0.1",
              "from": "shell-quote@~0.0.1"
            },
            "through": {
              "version": "2.3.4",
              "from": "through@~2.3.4"
            },
            "duplexer": {
              "version": "0.1.1",
              "from": "duplexer@~0.1.1"
            },
            "stream-combiner": {
              "version": "0.0.2",
              "from": "stream-combiner@~0.0.2",
              "dependencies": {
                "duplexer": {
                  "version": "0.0.4",
                  "from": "duplexer@~0.0.3"
                }
              }
            },
            "concat-stream": {
              "version": "1.0.1",
              "from": "concat-stream@~1.0.0",
              "dependencies": {
                "bops": {
                  "version": "0.0.6",
                  "from": "bops@0.0.6",
                  "dependencies": {
                    "base64-js": {
                      "version": "0.0.2",
                      "from": "base64-js@0.0.2"
                    },
                    "to-utf8": {
                      "version": "0.0.1",
                      "from": "to-utf8@0.0.1"
                    }
                  }
                }
              }
            },
            "insert-module-globals": {
              "version": "1.2.1",
              "from": "insert-module-globals@~1.2.0",
              "dependencies": {
                "commondir": {
                  "version": "0.0.1",
                  "from": "commondir@~0.0.1"
                },
                "lexical-scope": {
                  "version": "0.0.14",
                  "from": "lexical-scope@~0.0.5",
                  "dependencies": {
                    "astw": {
                      "version": "0.0.0",
                      "from": "astw@~0.0.0",
                      "dependencies": {
                        "esprima": {
                          "version": "1.0.2",
                          "from": "esprima@1.0.2"
                        }
                      }
                    }
                  }
                },
                "process": {
                  "version": "0.5.1",
                  "from": "process@~0.5.1"
                },
                "through": {
                  "version": "2.2.7",
                  "from": "through@~2.2.0"
                },
                "duplexer": {
                  "version": "0.0.4",
                  "from": "duplexer@~0.0.3"
                },
                "JSONStream": {
                  "version": "0.4.4",
                  "from": "JSONStream@~0.4.3",
                  "dependencies": {
                    "jsonparse": {
                      "version": "0.0.5",
                      "from": "jsonparse@0.0.5"
                    }
                  }
                }
              }
            },
            "syntax-error": {
              "version": "0.0.1",
              "from": "syntax-error@~0.0.0",
              "dependencies": {
                "esprima": {
                  "version": "0.9.9",
                  "from": "esprima@~0.9.9"
                }
              }
            },
            "browser-resolve": {
              "version": "1.1.3",
              "from": "browser-resolve@~1.1.0",
              "dependencies": {
                "resolve": {
                  "version": "0.4.2",
                  "from": "resolve@0.4.2"
                }
              }
            },
            "browser-builtins": {
              "version": "1.0.7",
              "from": "browser-builtins@~1.0.1",
              "dependencies": {
                "resolve": {
                  "version": "0.3.1",
                  "from": "resolve@0.3.x"
                },
                "punycode": {
                  "version": "1.2.3",
                  "from": "punycode@1.2.x"
                },
                "console-browserify": {
                  "version": "0.1.6",
                  "from": "console-browserify@0.1.x"
                },
                "vm-browserify": {
                  "version": "0.0.1",
                  "from": "vm-browserify@0.0.x"
                },
                "crypto-browserify": {
                  "version": "1.0.2",
                  "from": "crypto-browserify@1.0.x"
                },
                "http-browserify": {
                  "version": "0.1.12",
                  "from": "http-browserify@0.1.x",
                  "dependencies": {
                    "Base64": {
                      "version": "0.1.3",
                      "from": "Base64@~0.1.2"
                    }
                  }
                },
                "buffer-browserify": {
                  "version": "0.1.0",
                  "from": "buffer-browserify@0.1.x",
                  "dependencies": {
                    "base64-js": {
                      "version": "0.0.2",
                      "from": "base64-js@0.0.2"
                    }
                  }
                },
                "zlib-browserify": {
                  "version": "0.0.1",
                  "from": "zlib-browserify@0.0.x"
                },
                "constants-browserify": {
                  "version": "0.0.1",
                  "from": "constants-browserify@0.0.x"
                }
              }
            },
            "inherits": {
              "version": "1.0.0",
              "from": "inherits@~1.0.0"
            },
            "optimist": {
              "version": "0.5.2",
              "from": "optimist@~0.5.1",
              "dependencies": {
                "wordwrap": {
                  "version": "0.0.2",
                  "from": "wordwrap@~0.0.2"
                }
              }
            },
            "JSONStream": {
              "version": "0.6.4",
              "from": "JSONStream@~0.6.4",
              "dependencies": {
                "jsonparse": {
                  "version": "0.0.5",
                  "from": "jsonparse@0.0.5"
                },
                "through": {
                  "version": "2.2.7",
                  "from": "through@~2.2.7"
                }
              }
            },
            "umd": {
              "version": "1.1.1",
              "from": "umd@~1.1.0",
              "dependencies": {
                "rfile": {
                  "version": "1.0.0",
                  "from": "rfile@~1.0.0",
                  "dependencies": {
                    "resolve": {
                      "version": "0.3.1",
                      "from": "resolve@~0.3.0"
                    }
                  }
                },
                "ruglify": {
                  "version": "1.0.0",
                  "from": "ruglify@~1.0.0"
                },
                "uglify-js": {
                  "version": "2.2.5",
                  "from": "uglify-js@~2.2.5",
                  "dependencies": {
                    "source-map": {
                      "version": "0.1.29",
                      "from": "source-map@~0.1.7",
                      "dependencies": {
                        "amdefine": {
                          "version": "0.0.8",
                          "from": "amdefine@>=0.0.4"
                        }
                      }
                    },
                    "optimist": {
                      "version": "0.3.7",
                      "from": "optimist@~0.3.5",
                      "dependencies": {
                        "wordwrap": {
                          "version": "0.0.2",
                          "from": "wordwrap@~0.0.2"
                        }
                      }
                    }
                  }
                }
              }
            },
            "parents": {
              "version": "0.0.1",
              "from": "parents@~0.0.1"
            }
          }
        },
        "uglify-js": {
          "version": "2.4.0",
          "from": "uglify-js@~2.4.0",
          "dependencies": {
            "async": {
              "version": "0.2.9",
              "from": "async@~0.2.6"
            },
            "source-map": {
              "version": "0.1.29",
              "from": "source-map@>= 0.1.2",
              "dependencies": {
                "amdefine": {
                  "version": "0.0.8",
                  "from": "amdefine@>=0.0.4"
                }
              }
            },
            "optimist": {
              "version": "0.3.7",
              "from": "optimist@~0.3.5",
              "dependencies": {
                "wordwrap": {
                  "version": "0.0.2",
                  "from": "wordwrap@~0.0.2"
                }
              }
            },
            "uglify-to-browserify": {
              "version": "1.0.1",
              "from": "uglify-to-browserify@~1.0.0"
            }
          }
        },
        "ms": {
          "version": "0.6.1",
          "from": "ms@~0.6.1"
        },
        "mold-source-map": {
          "version": "0.2.0",
          "from": "mold-source-map@0.2.0",
          "dependencies": {
            "through": {
              "version": "2.2.7",
              "from": "through@~2.2.7"
            },
            "convert-source-map": {
              "version": "0.2.6",
              "from": "convert-source-map@~0.2.5"
            }
          }
        }
      }
    },
    "coffeeify": {
      "version": "0.5.1",
      "from": "coffeeify@~0.5.1",
      "dependencies": {
        "coffee-script": {
          "version": "1.6.3",
          "from": "coffee-script@~1.6.2"
        },
        "through": {
          "version": "2.2.7",
          "from": "through@~2.2.0"
        },
        "convert-source-map": {
          "version": "0.2.6",
          "from": "convert-source-map@~0.2.3"
        }
      }
    },
    "brfs": {
      "version": "0.0.7",
      "from": "brfs@0.0.7",
      "dependencies": {
        "through": {
          "version": "2.2.7",
          "from": "through@~2.2.0"
        },
        "falafel": {
          "version": "0.1.6",
          "from": "falafel@~0.1.6",
          "dependencies": {
            "esprima": {
              "version": "1.0.4",
              "from": "esprima@~1.0.2"
            }
          }
        },
        "escodegen": {
          "version": "0.0.17",
          "from": "escodegen@0.0.17",
          "dependencies": {
            "esprima": {
              "version": "1.0.4",
              "from": "esprima@~1.0.2"
            },
            "estraverse": {
              "version": "0.0.4",
              "from": "estraverse@~0.0.4"
            },
            "source-map": {
              "version": "0.1.29",
              "from": "source-map@>= 0.1.2",
              "dependencies": {
                "amdefine": {
                  "version": "0.0.8",
                  "from": "amdefine@>=0.0.4"
                }
              }
            }
          }
        }
      }
    },
    "three": {
      "version": "0.0.60",
      "from": "three@git://github.com/bjoerge/threejs-node",
      "resolved": "git://github.com/bjoerge/threejs-node#1449fc14703c573038b38b6c2cd327ae89ee92ca"
    },
    "leaflet": {
      "version": "0.6.4",
      "from": "leaflet@~0.6.4"
    },
    "jquery": {
      "version": "1.10.2",
      "from": "jquery@git://github.com/bjoerge/jquery-node",
      "resolved": "git://github.com/bjoerge/jquery-node#76fc1d7c77e83c37dad84bda11128b52cea003ef",
      "dependencies": {
        "jsdom": {
          "version": "0.3.4",
          "from": "jsdom@0.3.x",
          "dependencies": {
            "htmlparser": {
              "version": "1.7.6",
              "from": "htmlparser@1.x"
            },
            "nwmatcher": {
              "version": "1.3.1",
              "from": "nwmatcher@>=1.3.0"
            },
            "cssom": {
              "version": "0.2.5",
              "from": "cssom@0.2.x"
            },
            "cssstyle": {
              "version": "0.2.3",
              "from": "cssstyle@>=0.2.3"
            },
            "contextify": {
              "version": "0.1.6",
              "from": "contextify@0.1.x",
              "dependencies": {
                "bindings": {
                  "version": "1.1.1",
                  "from": "bindings@*"
                }
              }
            }
          }
        },
        "location": {
          "version": "0.0.1",
          "from": "location@0.0.x"
        },
        "navigator": {
          "version": "1.0.1",
          "from": "navigator@1.0.x"
        },
        "xmlhttprequest": {
          "version": "1.5.0",
          "from": "xmlhttprequest@1.5.x"
        }
      }
    },
    "request": {
      "version": "2.27.0",
      "from": "request@*",
      "dependencies": {
        "qs": {
          "version": "0.6.5",
          "from": "qs@~0.6.0"
        },
        "json-stringify-safe": {
          "version": "5.0.0",
          "from": "json-stringify-safe@~5.0.0"
        },
        "forever-agent": {
          "version": "0.5.0",
          "from": "forever-agent@~0.5.0"
        },
        "tunnel-agent": {
          "version": "0.3.0",
          "from": "tunnel-agent@~0.3.0"
        },
        "http-signature": {
          "version": "0.10.0",
          "from": "http-signature@~0.10.0",
          "dependencies": {
            "assert-plus": {
              "version": "0.1.2",
              "from": "assert-plus@0.1.2"
            },
            "asn1": {
              "version": "0.1.11",
              "from": "asn1@0.1.11"
            },
            "ctype": {
              "version": "0.5.2",
              "from": "ctype@0.5.2"
            }
          }
        },
        "hawk": {
          "version": "1.0.0",
          "from": "hawk@~1.0.0",
          "dependencies": {
            "hoek": {
              "version": "0.9.1",
              "from": "hoek@0.9.x"
            },
            "boom": {
              "version": "0.4.2",
              "from": "boom@0.4.x"
            },
            "cryptiles": {
              "version": "0.2.2",
              "from": "cryptiles@0.2.x"
            },
            "sntp": {
              "version": "0.2.4",
              "from": "sntp@0.2.x"
            }
          }
        },
        "aws-sign": {
          "version": "0.3.0",
          "from": "aws-sign@~0.3.0"
        },
        "oauth-sign": {
          "version": "0.3.0",
          "from": "oauth-sign@~0.3.0"
        },
        "cookie-jar": {
          "version": "0.3.0",
          "from": "cookie-jar@~0.3.0"
        },
        "node-uuid": {
          "version": "1.4.1",
          "from": "node-uuid@~1.4.0"
        },
        "mime": {
          "version": "1.2.11",
          "from": "mime@~1.2.9"
        },
        "form-data": {
          "version": "0.1.1",
          "from": "form-data@~0.1.0",
          "dependencies": {
            "combined-stream": {
              "version": "0.0.4",
              "from": "combined-stream@~0.0.4",
              "dependencies": {
                "delayed-stream": {
                  "version": "0.0.5",
                  "from": "delayed-stream@0.0.5"
                }
              }
            },
            "async": {
              "version": "0.2.9",
              "from": "async@~0.2.9"
            }
          }
        }
      }
    },
    "localStorage": {
      "version": "1.0.2",
      "from": "localStorage@*"
    }
  }
}
